
Microsoft Visual Studio Solution File, Format Version 12.00
# Visual Studio 15
VisualStudioVersion = 15.0.28307.1022
MinimumVisualStudioVersion = 10.0.40219.1
Project("{FAE04EC0-301F-11D3-BF4B-00C04F79EFBC}") = "MobileStore", "MobileStore\MobileStore.csproj", "{A7B828C3-850F-4334-BFAD-D1AE3DE61934}"
EndProject
Project("{FAE04EC0-301F-11D3-BF4B-00C04F79EFBC}") = "MobileStore.Tests", "MobileStore.Tests\MobileStore.Tests.csproj", "{1008A1D8-4D24-4676-8087-FD5B31FC120E}"
EndProject
Global
	GlobalSection(SolutionConfigurationPlatforms) = preSolution
		Debug|Any CPU = Debug|Any CPU
		Release|Any CPU = Release|Any CPU
	EndGlobalSection
	GlobalSection(ProjectConfigurationPlatforms) = postSolution
		{A7B828C3-850F-4334-BFAD-D1AE3DE61934}.Debug|Any CPU.ActiveCfg = Debug|Any CPU
		{A7B828C3-850F-4334-BFAD-D1AE3DE61934}.Debug|Any CPU.Build.0 = Debug|Any CPU
		{A7B828C3-850F-4334-BFAD-D1AE3DE61934}.Release|Any CPU.ActiveCfg = Release|Any CPU
		{A7B828C3-850F-4334-BFAD-D1AE3DE61934}.Release|Any CPU.Build.0 = Release|Any CPU
		{1008A1D8-4D24-4676-8087-FD5B31FC120E}.Debug|Any CPU.ActiveCfg = Debug|Any CPU
		{1008A1D8-4D24-4676-8087-FD5B31FC120E}.Debug|Any CPU.Build.0 = Debug|Any CPU
		{1008A1D8-4D24-4676-8087-FD5B31FC120E}.Release|Any CPU.ActiveCfg = Release|Any CPU
		{1008A1D8-4D24-4676-8087-FD5B31FC120E}.Release|Any CPU.Build.0 = Release|Any CPU
	EndGlobalSection
	GlobalSection(SolutionProperties) = preSolution
		HideSolutionNode = FALSE
	EndGlobalSection
	GlobalSection(ExtensibilityGlobals) = postSolution
		SolutionGuid = {73AD04EB-8907-4661-98E6-04E90BBECD03}
	EndGlobalSection
EndGlobal
